// !$*UTF8*$!
{
	archiveVersion = 1;
	classes = {
	};
	objectVersion = 50;
	objects = {

/* Begin PBXBuildFile section */
		6C1821FE261C5438005141AA /* VocabDataModel.xcdatamodeld in Sources */ = {isa = PBXBuildFile; fileRef = 6C1821FC261C5438005141AA /* VocabDataModel.xcdatamodeld */; };
		6C18220B261C6022005141AA /* VocabInfo+CoreDataClass.swift in Sources */ = {isa = PBXBuildFile; fileRef = 6C182209261C6022005141AA /* VocabInfo+CoreDataClass.swift */; };
		6C18220C261C6022005141AA /* VocabInfo+CoreDataProperties.swift in Sources */ = {isa = PBXBuildFile; fileRef = 6C18220A261C6022005141AA /* VocabInfo+CoreDataProperties.swift */; };
		6C3F1F6A263BE5D200AE3190 /* HowToUseViewController.swift in Sources */ = {isa = PBXBuildFile; fileRef = 6C3F1F69263BE5D200AE3190 /* HowToUseViewController.swift */; };
		6C3F1F6C263BEEE100AE3190 /* AboutViewController.swift in Sources */ = {isa = PBXBuildFile; fileRef = 6C3F1F6B263BEEE100AE3190 /* AboutViewController.swift */; };
		6C5667E92657628D00FE4051 /* WidgetKit.framework in Frameworks */ = {isa = PBXBuildFile; fileRef = 6C5667E82657628D00FE4051 /* WidgetKit.framework */; };
		6C5667EB2657628D00FE4051 /* SwiftUI.framework in Frameworks */ = {isa = PBXBuildFile; fileRef = 6C5667EA2657628D00FE4051 /* SwiftUI.framework */; };
		6C5667EE2657628D00FE4051 /* NankaimoWidget.swift in Sources */ = {isa = PBXBuildFile; fileRef = 6C5667ED2657628D00FE4051 /* NankaimoWidget.swift */; };
		6C5667F12657629000FE4051 /* Assets.xcassets in Resources */ = {isa = PBXBuildFile; fileRef = 6C5667F02657629000FE4051 /* Assets.xcassets */; };
		6C5667F32657629000FE4051 /* NankaimoWidget.intentdefinition in Sources */ = {isa = PBXBuildFile; fileRef = 6C5667EF2657628D00FE4051 /* NankaimoWidget.intentdefinition */; };
		6C5667F42657629000FE4051 /* NankaimoWidget.intentdefinition in Sources */ = {isa = PBXBuildFile; fileRef = 6C5667EF2657628D00FE4051 /* NankaimoWidget.intentdefinition */; };
		6C5667F72657629000FE4051 /* NankaimoWidgetExtension.appex in Embed App Extensions */ = {isa = PBXBuildFile; fileRef = 6C5667E62657628D00FE4051 /* NankaimoWidgetExtension.appex */; settings = {ATTRIBUTES = (RemoveHeadersOnCopy, ); }; };
		6C5667FC2657638E00FE4051 /* VocabDataModel.xcdatamodeld in Sources */ = {isa = PBXBuildFile; fileRef = 6C1821FC261C5438005141AA /* VocabDataModel.xcdatamodeld */; };
		6C5667FD265763A100FE4051 /* Main.storyboard in Resources */ = {isa = PBXBuildFile; fileRef = 6CFFEF0A25C85D700072D267 /* Main.storyboard */; };
		6C5668002657643E00FE4051 /* NankaiMoWidgetExtension.swift in Sources */ = {isa = PBXBuildFile; fileRef = 6C5667FF2657643E00FE4051 /* NankaiMoWidgetExtension.swift */; };
		6C5668012657661B00FE4051 /* VocabInfo+CoreDataProperties.swift in Sources */ = {isa = PBXBuildFile; fileRef = 6C18220A261C6022005141AA /* VocabInfo+CoreDataProperties.swift */; };
		6C5668022657661E00FE4051 /* VocabInfo+CoreDataClass.swift in Sources */ = {isa = PBXBuildFile; fileRef = 6C182209261C6022005141AA /* VocabInfo+CoreDataClass.swift */; };
		6C5E6A96263833F500903493 /* StartViewController.swift in Sources */ = {isa = PBXBuildFile; fileRef = 6C5E6A95263833F500903493 /* StartViewController.swift */; };
		6C61100F264165EE00F98834 /* AlertManager.swift in Sources */ = {isa = PBXBuildFile; fileRef = 6C61100E264165EE00F98834 /* AlertManager.swift */; };
		6C6BD8DF25DCB653002794C2 /* VocabManager.swift in Sources */ = {isa = PBXBuildFile; fileRef = 6C6BD8DE25DCB653002794C2 /* VocabManager.swift */; };
		6C760B72263FC89D00D07B17 /* EditViewController.swift in Sources */ = {isa = PBXBuildFile; fileRef = 6C760B71263FC89D00D07B17 /* EditViewController.swift */; };
		6C79657B265A3C5000C64323 /* Provider.swift in Sources */ = {isa = PBXBuildFile; fileRef = 6C79657A265A3C5000C64323 /* Provider.swift */; };
		6C79657E265A3DC900C64323 /* VocabSmallSwiftUIView.swift in Sources */ = {isa = PBXBuildFile; fileRef = 6C79657D265A3DC900C64323 /* VocabSmallSwiftUIView.swift */; };
		6C796580265A3E2100C64323 /* VocabMediumSwiftUIView.swift in Sources */ = {isa = PBXBuildFile; fileRef = 6C79657F265A3E2100C64323 /* VocabMediumSwiftUIView.swift */; };
		6C796582265A400E00C64323 /* VocabManager.swift in Sources */ = {isa = PBXBuildFile; fileRef = 6C6BD8DE25DCB653002794C2 /* VocabManager.swift */; };
		6C8601BA25CBDFED004EEAB9 /* AddVocabularyViewController.swift in Sources */ = {isa = PBXBuildFile; fileRef = 6C8601B925CBDFED004EEAB9 /* AddVocabularyViewController.swift */; };
		6CFFEF0525C85D700072D267 /* AppDelegate.swift in Sources */ = {isa = PBXBuildFile; fileRef = 6CFFEF0425C85D700072D267 /* AppDelegate.swift */; };
		6CFFEF0725C85D700072D267 /* SceneDelegate.swift in Sources */ = {isa = PBXBuildFile; fileRef = 6CFFEF0625C85D700072D267 /* SceneDelegate.swift */; };
		6CFFEF0925C85D700072D267 /* MainViewController.swift in Sources */ = {isa = PBXBuildFile; fileRef = 6CFFEF0825C85D700072D267 /* MainViewController.swift */; };
		6CFFEF0C25C85D700072D267 /* Main.storyboard in Resources */ = {isa = PBXBuildFile; fileRef = 6CFFEF0A25C85D700072D267 /* Main.storyboard */; };
		6CFFEF0E25C85D710072D267 /* Assets.xcassets in Resources */ = {isa = PBXBuildFile; fileRef = 6CFFEF0D25C85D710072D267 /* Assets.xcassets */; };
		6CFFEF1125C85D710072D267 /* LaunchScreen.storyboard in Resources */ = {isa = PBXBuildFile; fileRef = 6CFFEF0F25C85D710072D267 /* LaunchScreen.storyboard */; };
/* End PBXBuildFile section */

/* Begin PBXContainerItemProxy section */
		6C5667F52657629000FE4051 /* PBXContainerItemProxy */ = {
			isa = PBXContainerItemProxy;
			containerPortal = 6CFFEEF925C85D700072D267 /* Project object */;
			proxyType = 1;
			remoteGlobalIDString = 6C5667E52657628D00FE4051;
			remoteInfo = NankaimoWidgetExtension;
		};
/* End PBXContainerItemProxy section */

/* Begin PBXCopyFilesBuildPhase section */
		6C520DA2264E2E0400126BC9 /* Embed App Extensions */ = {
			isa = PBXCopyFilesBuildPhase;
			buildActionMask = 2147483647;
			dstPath = "";
			dstSubfolderSpec = 13;
			files = (
				6C5667F72657629000FE4051 /* NankaimoWidgetExtension.appex in Embed App Extensions */,
			);
			name = "Embed App Extensions";
			runOnlyForDeploymentPostprocessing = 0;
		};
		6C520DCF264E2F1800126BC9 /* Embed Watch Content */ = {
			isa = PBXCopyFilesBuildPhase;
			buildActionMask = 2147483647;
			dstPath = "$(CONTENTS_FOLDER_PATH)/Watch";
			dstSubfolderSpec = 16;
			files = (
			);
			name = "Embed Watch Content";
			runOnlyForDeploymentPostprocessing = 0;
		};
/* End PBXCopyFilesBuildPhase section */

/* Begin PBXFileReference section */
		6C1821FD261C5438005141AA /* VocabDataModel.xcdatamodel */ = {isa = PBXFileReference; lastKnownFileType = wrapper.xcdatamodel; path = VocabDataModel.xcdatamodel; sourceTree = "<group>"; };
		6C182209261C6022005141AA /* VocabInfo+CoreDataClass.swift */ = {isa = PBXFileReference; lastKnownFileType = sourcecode.swift; path = "VocabInfo+CoreDataClass.swift"; sourceTree = "<group>"; };
		6C18220A261C6022005141AA /* VocabInfo+CoreDataProperties.swift */ = {isa = PBXFileReference; lastKnownFileType = sourcecode.swift; path = "VocabInfo+CoreDataProperties.swift"; sourceTree = "<group>"; };
		6C3F1F69263BE5D200AE3190 /* HowToUseViewController.swift */ = {isa = PBXFileReference; lastKnownFileType = sourcecode.swift; path = HowToUseViewController.swift; sourceTree = "<group>"; };
		6C3F1F6B263BEEE100AE3190 /* AboutViewController.swift */ = {isa = PBXFileReference; lastKnownFileType = sourcecode.swift; path = AboutViewController.swift; sourceTree = "<group>"; };
		6C5667E62657628D00FE4051 /* NankaimoWidgetExtension.appex */ = {isa = PBXFileReference; explicitFileType = "wrapper.app-extension"; includeInIndex = 0; path = NankaimoWidgetExtension.appex; sourceTree = BUILT_PRODUCTS_DIR; };
		6C5667E82657628D00FE4051 /* WidgetKit.framework */ = {isa = PBXFileReference; lastKnownFileType = wrapper.framework; name = WidgetKit.framework; path = System/Library/Frameworks/WidgetKit.framework; sourceTree = SDKROOT; };
		6C5667EA2657628D00FE4051 /* SwiftUI.framework */ = {isa = PBXFileReference; lastKnownFileType = wrapper.framework; name = SwiftUI.framework; path = System/Library/Frameworks/SwiftUI.framework; sourceTree = SDKROOT; };
		6C5667ED2657628D00FE4051 /* NankaimoWidget.swift */ = {isa = PBXFileReference; lastKnownFileType = sourcecode.swift; path = NankaimoWidget.swift; sourceTree = "<group>"; };
		6C5667EF2657628D00FE4051 /* NankaimoWidget.intentdefinition */ = {isa = PBXFileReference; lastKnownFileType = file.intentdefinition; path = NankaimoWidget.intentdefinition; sourceTree = "<group>"; };
		6C5667F02657629000FE4051 /* Assets.xcassets */ = {isa = PBXFileReference; lastKnownFileType = folder.assetcatalog; path = Assets.xcassets; sourceTree = "<group>"; };
		6C5667F22657629000FE4051 /* Info.plist */ = {isa = PBXFileReference; lastKnownFileType = text.plist.xml; path = Info.plist; sourceTree = "<group>"; };
		6C5667FF2657643E00FE4051 /* NankaiMoWidgetExtension.swift */ = {isa = PBXFileReference; lastKnownFileType = sourcecode.swift; name = NankaiMoWidgetExtension.swift; path = NankaiMoWidget/NankaiMoWidgetExtension.swift; sourceTree = SOURCE_ROOT; };
		6C5E6A95263833F500903493 /* StartViewController.swift */ = {isa = PBXFileReference; lastKnownFileType = sourcecode.swift; path = StartViewController.swift; sourceTree = "<group>"; };
		6C61100E264165EE00F98834 /* AlertManager.swift */ = {isa = PBXFileReference; lastKnownFileType = sourcecode.swift; path = AlertManager.swift; sourceTree = "<group>"; };
		6C6BD8DE25DCB653002794C2 /* VocabManager.swift */ = {isa = PBXFileReference; fileEncoding = 4; lastKnownFileType = sourcecode.swift; path = VocabManager.swift; sourceTree = "<group>"; };
		6C760B71263FC89D00D07B17 /* EditViewController.swift */ = {isa = PBXFileReference; lastKnownFileType = sourcecode.swift; path = EditViewController.swift; sourceTree = "<group>"; };
		6C79657A265A3C5000C64323 /* Provider.swift */ = {isa = PBXFileReference; lastKnownFileType = sourcecode.swift; name = Provider.swift; path = NankaiMoWidget/Provider.swift; sourceTree = SOURCE_ROOT; };
		6C79657D265A3DC900C64323 /* VocabSmallSwiftUIView.swift */ = {isa = PBXFileReference; lastKnownFileType = sourcecode.swift; name = VocabSmallSwiftUIView.swift; path = NankaiMoWidget/WidgetInterface/VocabSmallSwiftUIView.swift; sourceTree = SOURCE_ROOT; };
		6C79657F265A3E2100C64323 /* VocabMediumSwiftUIView.swift */ = {isa = PBXFileReference; lastKnownFileType = sourcecode.swift; name = VocabMediumSwiftUIView.swift; path = NankaiMoWidget/WidgetInterface/VocabMediumSwiftUIView.swift; sourceTree = SOURCE_ROOT; };
		6C8601B925CBDFED004EEAB9 /* AddVocabularyViewController.swift */ = {isa = PBXFileReference; lastKnownFileType = sourcecode.swift; path = AddVocabularyViewController.swift; sourceTree = "<group>"; };
		6CFFEF0125C85D700072D267 /* ProtoKanjiAppV.3.app */ = {isa = PBXFileReference; explicitFileType = wrapper.application; includeInIndex = 0; path = ProtoKanjiAppV.3.app; sourceTree = BUILT_PRODUCTS_DIR; };
		6CFFEF0425C85D700072D267 /* AppDelegate.swift */ = {isa = PBXFileReference; lastKnownFileType = sourcecode.swift; path = AppDelegate.swift; sourceTree = "<group>"; };
		6CFFEF0625C85D700072D267 /* SceneDelegate.swift */ = {isa = PBXFileReference; lastKnownFileType = sourcecode.swift; path = SceneDelegate.swift; sourceTree = "<group>"; };
		6CFFEF0825C85D700072D267 /* MainViewController.swift */ = {isa = PBXFileReference; lastKnownFileType = sourcecode.swift; path = MainViewController.swift; sourceTree = "<group>"; };
		6CFFEF0B25C85D700072D267 /* Base */ = {isa = PBXFileReference; lastKnownFileType = file.storyboard; name = Base; path = Base.lproj/Main.storyboard; sourceTree = "<group>"; };
		6CFFEF0D25C85D710072D267 /* Assets.xcassets */ = {isa = PBXFileReference; lastKnownFileType = folder.assetcatalog; path = Assets.xcassets; sourceTree = "<group>"; };
		6CFFEF1025C85D710072D267 /* Base */ = {isa = PBXFileReference; lastKnownFileType = file.storyboard; name = Base; path = Base.lproj/LaunchScreen.storyboard; sourceTree = "<group>"; };
		6CFFEF1225C85D710072D267 /* Info.plist */ = {isa = PBXFileReference; lastKnownFileType = text.plist.xml; path = Info.plist; sourceTree = "<group>"; };
/* End PBXFileReference section */

/* Begin PBXFrameworksBuildPhase section */
		6C5667E32657628D00FE4051 /* Frameworks */ = {
			isa = PBXFrameworksBuildPhase;
			buildActionMask = 2147483647;
			files = (
				6C5667EB2657628D00FE4051 /* SwiftUI.framework in Frameworks */,
				6C5667E92657628D00FE4051 /* WidgetKit.framework in Frameworks */,
			);
			runOnlyForDeploymentPostprocessing = 0;
		};
		6CFFEEFE25C85D700072D267 /* Frameworks */ = {
			isa = PBXFrameworksBuildPhase;
			buildActionMask = 2147483647;
			files = (
			);
			runOnlyForDeploymentPostprocessing = 0;
		};
/* End PBXFrameworksBuildPhase section */

/* Begin PBXGroup section */
		6C5667E72657628D00FE4051 /* Frameworks */ = {
			isa = PBXGroup;
			children = (
				6C5667E82657628D00FE4051 /* WidgetKit.framework */,
				6C5667EA2657628D00FE4051 /* SwiftUI.framework */,
			);
			name = Frameworks;
			sourceTree = "<group>";
		};
		6C5667EC2657628D00FE4051 /* NankaimoWidget */ = {
			isa = PBXGroup;
			children = (
				6C79657C265A3D9600C64323 /* WidgetInterface */,
				6C5667ED2657628D00FE4051 /* NankaimoWidget.swift */,
				6C5667FF2657643E00FE4051 /* NankaiMoWidgetExtension.swift */,
				6C79657A265A3C5000C64323 /* Provider.swift */,
				6C5667EF2657628D00FE4051 /* NankaimoWidget.intentdefinition */,
				6C5667F02657629000FE4051 /* Assets.xcassets */,
				6C5667F22657629000FE4051 /* Info.plist */,
			);
			path = NankaimoWidget;
			sourceTree = "<group>";
		};
		6C79657C265A3D9600C64323 /* WidgetInterface */ = {
			isa = PBXGroup;
			children = (
				6C79657D265A3DC900C64323 /* VocabSmallSwiftUIView.swift */,
				6C79657F265A3E2100C64323 /* VocabMediumSwiftUIView.swift */,
			);
			path = WidgetInterface;
			sourceTree = "<group>";
		};
		6C7BAB9B25C99FB800964100 /* Controllers */ = {
			isa = PBXGroup;
			children = (
				6CFFEF0825C85D700072D267 /* MainViewController.swift */,
				6C760B71263FC89D00D07B17 /* EditViewController.swift */,
				6C8601B925CBDFED004EEAB9 /* AddVocabularyViewController.swift */,
				6C5E6A95263833F500903493 /* StartViewController.swift */,
				6C3F1F69263BE5D200AE3190 /* HowToUseViewController.swift */,
				6C3F1F6B263BEEE100AE3190 /* AboutViewController.swift */,
			);
			path = Controllers;
			sourceTree = "<group>";
		};
		6C7BAB9D25C99FCF00964100 /* Models */ = {
			isa = PBXGroup;
			children = (
				6C1821FC261C5438005141AA /* VocabDataModel.xcdatamodeld */,
				6C6BD8DE25DCB653002794C2 /* VocabManager.swift */,
				6C61100E264165EE00F98834 /* AlertManager.swift */,
			);
			path = Models;
			sourceTree = "<group>";
		};
		6C7BAB9E25C9A05300964100 /* Views */ = {
			isa = PBXGroup;
			children = (
				6CFFEF0A25C85D700072D267 /* Main.storyboard */,
			);
			path = Views;
			sourceTree = "<group>";
		};
		6CFFEEF825C85D700072D267 = {
			isa = PBXGroup;
			children = (
				6C182209261C6022005141AA /* VocabInfo+CoreDataClass.swift */,
				6C18220A261C6022005141AA /* VocabInfo+CoreDataProperties.swift */,
				6CFFEF0325C85D700072D267 /* ProtoKanjiAppV.3 */,
				6C5667EC2657628D00FE4051 /* NankaimoWidget */,
				6C5667E72657628D00FE4051 /* Frameworks */,
				6CFFEF0225C85D700072D267 /* Products */,
			);
			sourceTree = "<group>";
		};
		6CFFEF0225C85D700072D267 /* Products */ = {
			isa = PBXGroup;
			children = (
				6CFFEF0125C85D700072D267 /* ProtoKanjiAppV.3.app */,
				6C5667E62657628D00FE4051 /* NankaimoWidgetExtension.appex */,
			);
			name = Products;
			sourceTree = "<group>";
		};
		6CFFEF0325C85D700072D267 /* ProtoKanjiAppV.3 */ = {
			isa = PBXGroup;
			children = (
				6CFFEF0425C85D700072D267 /* AppDelegate.swift */,
				6CFFEF0625C85D700072D267 /* SceneDelegate.swift */,
				6C7BAB9D25C99FCF00964100 /* Models */,
				6C7BAB9E25C9A05300964100 /* Views */,
				6C7BAB9B25C99FB800964100 /* Controllers */,
				6CFFEF0D25C85D710072D267 /* Assets.xcassets */,
				6CFFEF0F25C85D710072D267 /* LaunchScreen.storyboard */,
				6CFFEF1225C85D710072D267 /* Info.plist */,
			);
			name = ProtoKanjiAppV.3;
			path = "Nankaimo Data";
			sourceTree = "<group>";
		};
/* End PBXGroup section */

/* Begin PBXNativeTarget section */
		6C5667E52657628D00FE4051 /* NankaimoWidgetExtension */ = {
			isa = PBXNativeTarget;
			buildConfigurationList = 6C5667FA2657629000FE4051 /* Build configuration list for PBXNativeTarget "NankaimoWidgetExtension" */;
			buildPhases = (
				6C5667E22657628D00FE4051 /* Sources */,
				6C5667E32657628D00FE4051 /* Frameworks */,
				6C5667E42657628D00FE4051 /* Resources */,
			);
			buildRules = (
			);
			dependencies = (
			);
			name = NankaimoWidgetExtension;
			productName = NankaimoWidgetExtension;
			productReference = 6C5667E62657628D00FE4051 /* NankaimoWidgetExtension.appex */;
			productType = "com.apple.product-type.app-extension";
		};
		6CFFEF0025C85D700072D267 /* ProtoKanjiAppV.3 */ = {
			isa = PBXNativeTarget;
			buildConfigurationList = 6CFFEF1525C85D710072D267 /* Build configuration list for PBXNativeTarget "ProtoKanjiAppV.3" */;
			buildPhases = (
				6CFFEEFD25C85D700072D267 /* Sources */,
				6CFFEEFE25C85D700072D267 /* Frameworks */,
				6CFFEEFF25C85D700072D267 /* Resources */,
				6C520DA2264E2E0400126BC9 /* Embed App Extensions */,
				6C520DCF264E2F1800126BC9 /* Embed Watch Content */,
			);
			buildRules = (
			);
			dependencies = (
				6C5667F62657629000FE4051 /* PBXTargetDependency */,
			);
			name = ProtoKanjiAppV.3;
			productName = ProtoKanjiAppV.3;
			productReference = 6CFFEF0125C85D700072D267 /* ProtoKanjiAppV.3.app */;
			productType = "com.apple.product-type.application";
		};
/* End PBXNativeTarget section */

/* Begin PBXProject section */
		6CFFEEF925C85D700072D267 /* Project object */ = {
			isa = PBXProject;
			attributes = {
				LastSwiftUpdateCheck = 1250;
				LastUpgradeCheck = 1240;
				TargetAttributes = {
					6C5667E52657628D00FE4051 = {
						CreatedOnToolsVersion = 12.5;
					};
					6CFFEF0025C85D700072D267 = {
						CreatedOnToolsVersion = 12.4;
					};
				};
			};
			buildConfigurationList = 6CFFEEFC25C85D700072D267 /* Build configuration list for PBXProject "NankaiMoV.F" */;
			compatibilityVersion = "Xcode 9.3";
			developmentRegion = en;
			hasScannedForEncodings = 0;
			knownRegions = (
				en,
				Base,
			);
			mainGroup = 6CFFEEF825C85D700072D267;
			productRefGroup = 6CFFEF0225C85D700072D267 /* Products */;
			projectDirPath = "";
			projectRoot = "";
			targets = (
				6CFFEF0025C85D700072D267 /* ProtoKanjiAppV.3 */,
				6C5667E52657628D00FE4051 /* NankaimoWidgetExtension */,
			);
		};
/* End PBXProject section */

/* Begin PBXResourcesBuildPhase section */
		6C5667E42657628D00FE4051 /* Resources */ = {
			isa = PBXResourcesBuildPhase;
			buildActionMask = 2147483647;
			files = (
				6C5667F12657629000FE4051 /* Assets.xcassets in Resources */,
				6C5667FD265763A100FE4051 /* Main.storyboard in Resources */,
			);
			runOnlyForDeploymentPostprocessing = 0;
		};
		6CFFEEFF25C85D700072D267 /* Resources */ = {
			isa = PBXResourcesBuildPhase;
			buildActionMask = 2147483647;
			files = (
				6CFFEF1125C85D710072D267 /* LaunchScreen.storyboard in Resources */,
				6CFFEF0E25C85D710072D267 /* Assets.xcassets in Resources */,
				6CFFEF0C25C85D700072D267 /* Main.storyboard in Resources */,
			);
			runOnlyForDeploymentPostprocessing = 0;
		};
/* End PBXResourcesBuildPhase section */

/* Begin PBXSourcesBuildPhase section */
		6C5667E22657628D00FE4051 /* Sources */ = {
			isa = PBXSourcesBuildPhase;
			buildActionMask = 2147483647;
			files = (
				6C5667F32657629000FE4051 /* NankaimoWidget.intentdefinition in Sources */,
				6C5667FC2657638E00FE4051 /* VocabDataModel.xcdatamodeld in Sources */,
				6C79657E265A3DC900C64323 /* VocabSmallSwiftUIView.swift in Sources */,
				6C79657B265A3C5000C64323 /* Provider.swift in Sources */,
				6C5667EE2657628D00FE4051 /* NankaimoWidget.swift in Sources */,
				6C796582265A400E00C64323 /* VocabManager.swift in Sources */,
				6C5668022657661E00FE4051 /* VocabInfo+CoreDataClass.swift in Sources */,
				6C5668002657643E00FE4051 /* NankaiMoWidgetExtension.swift in Sources */,
				6C796580265A3E2100C64323 /* VocabMediumSwiftUIView.swift in Sources */,
				6C5668012657661B00FE4051 /* VocabInfo+CoreDataProperties.swift in Sources */,
			);
			runOnlyForDeploymentPostprocessing = 0;
		};
		6CFFEEFD25C85D700072D267 /* Sources */ = {
			isa = PBXSourcesBuildPhase;
			buildActionMask = 2147483647;
			files = (
				6C760B72263FC89D00D07B17 /* EditViewController.swift in Sources */,
				6C6BD8DF25DCB653002794C2 /* VocabManager.swift in Sources */,
				6C5667F42657629000FE4051 /* NankaimoWidget.intentdefinition in Sources */,
				6CFFEF0925C85D700072D267 /* MainViewController.swift in Sources */,
				6C18220C261C6022005141AA /* VocabInfo+CoreDataProperties.swift in Sources */,
				6C3F1F6A263BE5D200AE3190 /* HowToUseViewController.swift in Sources */,
				6C5E6A96263833F500903493 /* StartViewController.swift in Sources */,
				6CFFEF0525C85D700072D267 /* AppDelegate.swift in Sources */,
				6C3F1F6C263BEEE100AE3190 /* AboutViewController.swift in Sources */,
				6C18220B261C6022005141AA /* VocabInfo+CoreDataClass.swift in Sources */,
				6CFFEF0725C85D700072D267 /* SceneDelegate.swift in Sources */,
				6C8601BA25CBDFED004EEAB9 /* AddVocabularyViewController.swift in Sources */,
				6C61100F264165EE00F98834 /* AlertManager.swift in Sources */,
				6C1821FE261C5438005141AA /* VocabDataModel.xcdatamodeld in Sources */,
			);
			runOnlyForDeploymentPostprocessing = 0;
		};
/* End PBXSourcesBuildPhase section */

/* Begin PBXTargetDependency section */
		6C5667F62657629000FE4051 /* PBXTargetDependency */ = {
			isa = PBXTargetDependency;
			target = 6C5667E52657628D00FE4051 /* NankaimoWidgetExtension */;
			targetProxy = 6C5667F52657629000FE4051 /* PBXContainerItemProxy */;
		};
/* End PBXTargetDependency section */

/* Begin PBXVariantGroup section */
		6CFFEF0A25C85D700072D267 /* Main.storyboard */ = {
			isa = PBXVariantGroup;
			children = (
				6CFFEF0B25C85D700072D267 /* Base */,
			);
			name = Main.storyboard;
			sourceTree = "<group>";
		};
		6CFFEF0F25C85D710072D267 /* LaunchScreen.storyboard */ = {
			isa = PBXVariantGroup;
			children = (
				6CFFEF1025C85D710072D267 /* Base */,
			);
			name = LaunchScreen.storyboard;
			sourceTree = "<group>";
		};
/* End PBXVariantGroup section */

/* Begin XCBuildConfiguration section */
		6C5667F82657629000FE4051 /* Debug */ = {
			isa = XCBuildConfiguration;
			buildSettings = {
				APP_BUILD = 1.0;
				APP_VERSION = 1.0;
				ASSETCATALOG_COMPILER_GLOBAL_ACCENT_COLOR_NAME = AccentColor;
				ASSETCATALOG_COMPILER_WIDGET_BACKGROUND_COLOR_NAME = WidgetBackground;
				CODE_SIGN_STYLE = Automatic;
				DEVELOPMENT_TEAM = YTVSGRSC5J;
				INFOPLIST_FILE = NankaimoWidget/Info.plist;
				IPHONEOS_DEPLOYMENT_TARGET = 14.1;
				LD_RUNPATH_SEARCH_PATHS = (
					"$(inherited)",
					"@executable_path/Frameworks",
					"@executable_path/../../Frameworks",
				);
				PRODUCT_BUNDLE_IDENTIFIER = com.Exp.NankaimoVF.NankaimoWidget;
				PRODUCT_NAME = "$(TARGET_NAME)";
				SKIP_INSTALL = YES;
				SWIFT_VERSION = 5.0;
				TARGETED_DEVICE_FAMILY = "1,2";
			};
			name = Debug;
		};
		6C5667F92657629000FE4051 /* Release */ = {
			isa = XCBuildConfiguration;
			buildSettings = {
				APP_BUILD = 1.0;
				APP_VERSION = 1.0;
				ASSETCATALOG_COMPILER_GLOBAL_ACCENT_COLOR_NAME = AccentColor;
				ASSETCATALOG_COMPILER_WIDGET_BACKGROUND_COLOR_NAME = WidgetBackground;
				CODE_SIGN_STYLE = Automatic;
				DEVELOPMENT_TEAM = YTVSGRSC5J;
				INFOPLIST_FILE = NankaimoWidget/Info.plist;
				IPHONEOS_DEPLOYMENT_TARGET = 14.1;
				LD_RUNPATH_SEARCH_PATHS = (
					"$(inherited)",
					"@executable_path/Frameworks",
					"@executable_path/../../Frameworks",
				);
				PRODUCT_BUNDLE_IDENTIFIER = com.Exp.NankaimoVF.NankaimoWidget;
				PRODUCT_NAME = "$(TARGET_NAME)";
				SKIP_INSTALL = YES;
				SWIFT_VERSION = 5.0;
				TARGETED_DEVICE_FAMILY = "1,2";
			};
			name = Release;
		};
		6CFFEF1325C85D710072D267 /* Debug */ = {
			isa = XCBuildConfiguration;
			buildSettings = {
				ALWAYS_SEARCH_USER_PATHS = NO;
				CLANG_ANALYZER_NONNULL = YES;
				CLANG_ANALYZER_NUMBER_OBJECT_CONVERSION = YES_AGGRESSIVE;
				CLANG_CXX_LANGUAGE_STANDARD = "gnu++14";
				CLANG_CXX_LIBRARY = "libc++";
				CLANG_ENABLE_MODULES = YES;
				CLANG_ENABLE_OBJC_ARC = YES;
				CLANG_ENABLE_OBJC_WEAK = YES;
				CLANG_WARN_BLOCK_CAPTURE_AUTORELEASING = YES;
				CLANG_WARN_BOOL_CONVERSION = YES;
				CLANG_WARN_COMMA = YES;
				CLANG_WARN_CONSTANT_CONVERSION = YES;
				CLANG_WARN_DEPRECATED_OBJC_IMPLEMENTATIONS = YES;
				CLANG_WARN_DIRECT_OBJC_ISA_USAGE = YES_ERROR;
				CLANG_WARN_DOCUMENTATION_COMMENTS = YES;
				CLANG_WARN_EMPTY_BODY = YES;
				CLANG_WARN_ENUM_CONVERSION = YES;
				CLANG_WARN_INFINITE_RECURSION = YES;
				CLANG_WARN_INT_CONVERSION = YES;
				CLANG_WARN_NON_LITERAL_NULL_CONVERSION = YES;
				CLANG_WARN_OBJC_IMPLICIT_RETAIN_SELF = YES;
				CLANG_WARN_OBJC_LITERAL_CONVERSION = YES;
				CLANG_WARN_OBJC_ROOT_CLASS = YES_ERROR;
				CLANG_WARN_QUOTED_INCLUDE_IN_FRAMEWORK_HEADER = YES;
				CLANG_WARN_RANGE_LOOP_ANALYSIS = YES;
				CLANG_WARN_STRICT_PROTOTYPES = YES;
				CLANG_WARN_SUSPICIOUS_MOVE = YES;
				CLANG_WARN_UNGUARDED_AVAILABILITY = YES_AGGRESSIVE;
				CLANG_WARN_UNREACHABLE_CODE = YES;
				CLANG_WARN__DUPLICATE_METHOD_MATCH = YES;
				COPY_PHASE_STRIP = NO;
				DEBUG_INFORMATION_FORMAT = dwarf;
				ENABLE_STRICT_OBJC_MSGSEND = YES;
				ENABLE_TESTABILITY = YES;
				GCC_C_LANGUAGE_STANDARD = gnu11;
				GCC_DYNAMIC_NO_PIC = NO;
				GCC_NO_COMMON_BLOCKS = YES;
				GCC_OPTIMIZATION_LEVEL = 0;
				GCC_PREPROCESSOR_DEFINITIONS = (
					"DEBUG=1",
					"$(inherited)",
				);
				GCC_WARN_64_TO_32_BIT_CONVERSION = YES;
				GCC_WARN_ABOUT_RETURN_TYPE = YES_ERROR;
				GCC_WARN_UNDECLARED_SELECTOR = YES;
				GCC_WARN_UNINITIALIZED_AUTOS = YES_AGGRESSIVE;
				GCC_WARN_UNUSED_FUNCTION = YES;
				GCC_WARN_UNUSED_VARIABLE = YES;
				IPHONEOS_DEPLOYMENT_TARGET = 14.1;
				MTL_ENABLE_DEBUG_INFO = INCLUDE_SOURCE;
				MTL_FAST_MATH = YES;
				ONLY_ACTIVE_ARCH = YES;
				SDKROOT = iphoneos;
				SWIFT_ACTIVE_COMPILATION_CONDITIONS = DEBUG;
				SWIFT_OPTIMIZATION_LEVEL = "-Onone";
			};
			name = Debug;
		};
		6CFFEF1425C85D710072D267 /* Release */ = {
			isa = XCBuildConfiguration;
			buildSettings = {
				ALWAYS_SEARCH_USER_PATHS = NO;
				CLANG_ANALYZER_NONNULL = YES;
				CLANG_ANALYZER_NUMBER_OBJECT_CONVERSION = YES_AGGRESSIVE;
				CLANG_CXX_LANGUAGE_STANDARD = "gnu++14";
				CLANG_CXX_LIBRARY = "libc++";
				CLANG_ENABLE_MODULES = YES;
				CLANG_ENABLE_OBJC_ARC = YES;
				CLANG_ENABLE_OBJC_WEAK = YES;
				CLANG_WARN_BLOCK_CAPTURE_AUTORELEASING = YES;
				CLANG_WARN_BOOL_CONVERSION = YES;
				CLANG_WARN_COMMA = YES;
				CLANG_WARN_CONSTANT_CONVERSION = YES;
				CLANG_WARN_DEPRECATED_OBJC_IMPLEMENTATIONS = YES;
				CLANG_WARN_DIRECT_OBJC_ISA_USAGE = YES_ERROR;
				CLANG_WARN_DOCUMENTATION_COMMENTS = YES;
				CLANG_WARN_EMPTY_BODY = YES;
				CLANG_WARN_ENUM_CONVERSION = YES;
				CLANG_WARN_INFINITE_RECURSION = YES;
				CLANG_WARN_INT_CONVERSION = YES;
				CLANG_WARN_NON_LITERAL_NULL_CONVERSION = YES;
				CLANG_WARN_OBJC_IMPLICIT_RETAIN_SELF = YES;
				CLANG_WARN_OBJC_LITERAL_CONVERSION = YES;
				CLANG_WARN_OBJC_ROOT_CLASS = YES_ERROR;
				CLANG_WARN_QUOTED_INCLUDE_IN_FRAMEWORK_HEADER = YES;
				CLANG_WARN_RANGE_LOOP_ANALYSIS = YES;
				CLANG_WARN_STRICT_PROTOTYPES = YES;
				CLANG_WARN_SUSPICIOUS_MOVE = YES;
				CLANG_WARN_UNGUARDED_AVAILABILITY = YES_AGGRESSIVE;
				CLANG_WARN_UNREACHABLE_CODE = YES;
				CLANG_WARN__DUPLICATE_METHOD_MATCH = YES;
				COPY_PHASE_STRIP = NO;
				DEBUG_INFORMATION_FORMAT = "dwarf-with-dsym";
				ENABLE_NS_ASSERTIONS = NO;
				ENABLE_STRICT_OBJC_MSGSEND = YES;
				GCC_C_LANGUAGE_STANDARD = gnu11;
				GCC_NO_COMMON_BLOCKS = YES;
				GCC_WARN_64_TO_32_BIT_CONVERSION = YES;
				GCC_WARN_ABOUT_RETURN_TYPE = YES_ERROR;
				GCC_WARN_UNDECLARED_SELECTOR = YES;
				GCC_WARN_UNINITIALIZED_AUTOS = YES_AGGRESSIVE;
				GCC_WARN_UNUSED_FUNCTION = YES;
				GCC_WARN_UNUSED_VARIABLE = YES;
				IPHONEOS_DEPLOYMENT_TARGET = 14.1;
				MTL_ENABLE_DEBUG_INFO = NO;
				MTL_FAST_MATH = YES;
				SDKROOT = iphoneos;
				SWIFT_COMPILATION_MODE = wholemodule;
				SWIFT_OPTIMIZATION_LEVEL = "-O";
				VALIDATE_PRODUCT = YES;
			};
			name = Release;
		};
		6CFFEF1625C85D710072D267 /* Debug */ = {
			isa = XCBuildConfiguration;
			buildSettings = {
				ALWAYS_EMBED_SWIFT_STANDARD_LIBRARIES = YES;
				ASSETCATALOG_COMPILER_APPICON_NAME = "AppIcon-1";
				ASSETCATALOG_COMPILER_GLOBAL_ACCENT_COLOR_NAME = AccentColor;
				CODE_SIGN_STYLE = Automatic;
				CURRENT_PROJECT_VERSION = 2;
				DEVELOPMENT_TEAM = YTVSGRSC5J;
				INFOPLIST_FILE = "$(SRCROOT)/Nankaimo Data/Info.plist";
				LD_RUNPATH_SEARCH_PATHS = (
					"$(inherited)",
					"@executable_path/Frameworks",
				);
				MARKETING_VERSION = 1.1;
				PRODUCT_BUNDLE_IDENTIFIER = com.Exp.NankaimoVF;
				PRODUCT_NAME = "$(TARGET_NAME)";
				SWIFT_VERSION = 5.0;
				TARGETED_DEVICE_FAMILY = 1;
			};
			name = Debug;
		};
		6CFFEF1725C85D710072D267 /* Release */ = {
			isa = XCBuildConfiguration;
			buildSettings = {
				ALWAYS_EMBED_SWIFT_STANDARD_LIBRARIES = YES;
				ASSETCATALOG_COMPILER_APPICON_NAME = "AppIcon-1";
				ASSETCATALOG_COMPILER_GLOBAL_ACCENT_COLOR_NAME = AccentColor;
				CODE_SIGN_STYLE = Automatic;
				CURRENT_PROJECT_VERSION = 2;
				DEVELOPMENT_TEAM = YTVSGRSC5J;
				INFOPLIST_FILE = "$(SRCROOT)/Nankaimo Data/Info.plist";
				LD_RUNPATH_SEARCH_PATHS = (
					"$(inherited)",
					"@executable_path/Frameworks",
				);
				MARKETING_VERSION = 1.1;
				PRODUCT_BUNDLE_IDENTIFIER = com.Exp.NankaimoVF;
				PRODUCT_NAME = "$(TARGET_NAME)";
				SWIFT_VERSION = 5.0;
				TARGETED_DEVICE_FAMILY = 1;
			};
			name = Release;
		};
/* End XCBuildConfiguration section */

/* Begin XCConfigurationList section */
		6C5667FA2657629000FE4051 /* Build configuration list for PBXNativeTarget "NankaimoWidgetExtension" */ = {
			isa = XCConfigurationList;
			buildConfigurations = (
				6C5667F82657629000FE4051 /* Debug */,
				6C5667F92657629000FE4051 /* Release */,
			);
			defaultConfigurationIsVisible = 0;
			defaultConfigurationName = Release;
		};
		6CFFEEFC25C85D700072D267 /* Build configuration list for PBXProject "NankaiMoV.F" */ = {
			isa = XCConfigurationList;
			buildConfigurations = (
				6CFFEF1325C85D710072D267 /* Debug */,
				6CFFEF1425C85D710072D267 /* Release */,
			);
			defaultConfigurationIsVisible = 0;
			defaultConfigurationName = Release;
		};
		6CFFEF1525C85D710072D267 /* Build configuration list for PBXNativeTarget "ProtoKanjiAppV.3" */ = {
			isa = XCConfigurationList;
			buildConfigurations = (
				6CFFEF1625C85D710072D267 /* Debug */,
				6CFFEF1725C85D710072D267 /* Release */,
			);
			defaultConfigurationIsVisible = 0;
			defaultConfigurationName = Release;
		};
/* End XCConfigurationList section */

/* Begin XCVersionGroup section */
		6C1821FC261C5438005141AA /* VocabDataModel.xcdatamodeld */ = {
			isa = XCVersionGroup;
			children = (
				6C1821FD261C5438005141AA /* VocabDataModel.xcdatamodel */,
			);
			currentVersion = 6C1821FD261C5438005141AA /* VocabDataModel.xcdatamodel */;
			path = VocabDataModel.xcdatamodeld;
			sourceTree = "<group>";
			versionGroupType = wrapper.xcdatamodel;
		};
/* End XCVersionGroup section */
	};
	rootObject = 6CFFEEF925C85D700072D267 /* Project object */;
}
